// !$*UTF8*$!
{
	archiveVersion = 1;
	classes = {
	};
	objectVersion = 50;
	objects = {

/* Begin PBXBuildFile section */
		6D4F77C920D25F9F00128136 /* AlbumCellTableViewCell.m in Sources */ = {isa = PBXBuildFile; fileRef = 6D4F77B420D25F9F00128136 /* AlbumCellTableViewCell.m */; };
		6D4F77CA20D25F9F00128136 /* AlbumListView.m in Sources */ = {isa = PBXBuildFile; fileRef = 6D4F77B620D25F9F00128136 /* AlbumListView.m */; };
		6D4F77CB20D25F9F00128136 /* CollectionViewCell.m in Sources */ = {isa = PBXBuildFile; fileRef = 6D4F77B820D25F9F00128136 /* CollectionViewCell.m */; };
		6D4F77CC20D25F9F00128136 /* dmcPicker.bundle in Resources */ = {isa = PBXBuildFile; fileRef = 6D4F77B920D25F9F00128136 /* dmcPicker.bundle */; };
		6D4F77CD20D25F9F00128136 /* DmcPickerViewController.m in Sources */ = {isa = PBXBuildFile; fileRef = 6D4F77BB20D25F9F00128136 /* DmcPickerViewController.m */; };
		6D4F77CE20D25F9F00128136 /* Localizable.strings in Resources */ = {isa = PBXBuildFile; fileRef = 6D4F77BC20D25F9F00128136 /* Localizable.strings */; };
		6D4F77CF20D25F9F00128136 /* FLAnimatedImage.m in Sources */ = {isa = PBXBuildFile; fileRef = 6D4F77C020D25F9F00128136 /* FLAnimatedImage.m */; };
		6D4F77D020D25F9F00128136 /* FLAnimatedImageView.m in Sources */ = {isa = PBXBuildFile; fileRef = 6D4F77C220D25F9F00128136 /* FLAnimatedImageView.m */; };
		6D4F77D120D25F9F00128136 /* Info.plist in Resources */ = {isa = PBXBuildFile; fileRef = 6D4F77C320D25F9F00128136 /* Info.plist */; };
		6D4F77D220D25F9F00128136 /* PreviewCell.m in Sources */ = {isa = PBXBuildFile; fileRef = 6D4F77C520D25F9F00128136 /* PreviewCell.m */; };
		6D4F77D320D25F9F00128136 /* PreviewViewController.m in Sources */ = {isa = PBXBuildFile; fileRef = 6D4F77C720D25F9F00128136 /* PreviewViewController.m */; };
		6D613ECC207B577C003C8576 /* AppDelegate.m in Sources */ = {isa = PBXBuildFile; fileRef = 6D613ECB207B577C003C8576 /* AppDelegate.m */; };
		6D613ECF207B577C003C8576 /* ViewController.m in Sources */ = {isa = PBXBuildFile; fileRef = 6D613ECE207B577C003C8576 /* ViewController.m */; };
		6D613ED2207B577C003C8576 /* Main.storyboard in Resources */ = {isa = PBXBuildFile; fileRef = 6D613ED0207B577C003C8576 /* Main.storyboard */; };
		6D613ED5207B577C003C8576 /* IOSMediaPicker.xcdatamodeld in Sources */ = {isa = PBXBuildFile; fileRef = 6D613ED3207B577C003C8576 /* IOSMediaPicker.xcdatamodeld */; };
		6D613ED7207B5787003C8576 /* Assets.xcassets in Resources */ = {isa = PBXBuildFile; fileRef = 6D613ED6207B5787003C8576 /* Assets.xcassets */; };
		6D613EDA207B5787003C8576 /* LaunchScreen.storyboard in Resources */ = {isa = PBXBuildFile; fileRef = 6D613ED8207B5787003C8576 /* LaunchScreen.storyboard */; };
		6D613EDD207B5787003C8576 /* main.m in Sources */ = {isa = PBXBuildFile; fileRef = 6D613EDC207B5787003C8576 /* main.m */; };
/* End PBXBuildFile section */

/* Begin PBXFileReference section */
		6D4F77B320D25F9F00128136 /* AlbumCellTableViewCell.h */ = {isa = PBXFileReference; fileEncoding = 4; lastKnownFileType = sourcecode.c.h; path = AlbumCellTableViewCell.h; sourceTree = "<group>"; };
		6D4F77B420D25F9F00128136 /* AlbumCellTableViewCell.m */ = {isa = PBXFileReference; fileEncoding = 4; lastKnownFileType = sourcecode.c.objc; path = AlbumCellTableViewCell.m; sourceTree = "<group>"; };
		6D4F77B520D25F9F00128136 /* AlbumListView.h */ = {isa = PBXFileReference; fileEncoding = 4; lastKnownFileType = sourcecode.c.h; path = AlbumListView.h; sourceTree = "<group>"; };
		6D4F77B620D25F9F00128136 /* AlbumListView.m */ = {isa = PBXFileReference; fileEncoding = 4; lastKnownFileType = sourcecode.c.objc; path = AlbumListView.m; sourceTree = "<group>"; };
		6D4F77B720D25F9F00128136 /* CollectionViewCell.h */ = {isa = PBXFileReference; fileEncoding = 4; lastKnownFileType = sourcecode.c.h; path = CollectionViewCell.h; sourceTree = "<group>"; };
		6D4F77B820D25F9F00128136 /* CollectionViewCell.m */ = {isa = PBXFileReference; fileEncoding = 4; lastKnownFileType = sourcecode.c.objc; path = CollectionViewCell.m; sourceTree = "<group>"; };
		6D4F77B920D25F9F00128136 /* dmcPicker.bundle */ = {isa = PBXFileReference; lastKnownFileType = "wrapper.plug-in"; path = dmcPicker.bundle; sourceTree = "<group>"; };
		6D4F77BA20D25F9F00128136 /* DmcPickerViewController.h */ = {isa = PBXFileReference; fileEncoding = 4; lastKnownFileType = sourcecode.c.h; path = DmcPickerViewController.h; sourceTree = "<group>"; };
		6D4F77BB20D25F9F00128136 /* DmcPickerViewController.m */ = {isa = PBXFileReference; fileEncoding = 4; lastKnownFileType = sourcecode.c.objc; path = DmcPickerViewController.m; sourceTree = "<group>"; };
		6D4F77BD20D25F9F00128136 /* en */ = {isa = PBXFileReference; lastKnownFileType = text.plist.strings; name = en; path = en.lproj/Localizable.strings; sourceTree = "<group>"; };
		6D4F77BF20D25F9F00128136 /* FLAnimatedImage.h */ = {isa = PBXFileReference; fileEncoding = 4; lastKnownFileType = sourcecode.c.h; path = FLAnimatedImage.h; sourceTree = "<group>"; };
		6D4F77C020D25F9F00128136 /* FLAnimatedImage.m */ = {isa = PBXFileReference; fileEncoding = 4; lastKnownFileType = sourcecode.c.objc; path = FLAnimatedImage.m; sourceTree = "<group>"; };
		6D4F77C120D25F9F00128136 /* FLAnimatedImageView.h */ = {isa = PBXFileReference; fileEncoding = 4; lastKnownFileType = sourcecode.c.h; path = FLAnimatedImageView.h; sourceTree = "<group>"; };
		6D4F77C220D25F9F00128136 /* FLAnimatedImageView.m */ = {isa = PBXFileReference; fileEncoding = 4; lastKnownFileType = sourcecode.c.objc; path = FLAnimatedImageView.m; sourceTree = "<group>"; };
		6D4F77C320D25F9F00128136 /* Info.plist */ = {isa = PBXFileReference; fileEncoding = 4; lastKnownFileType = text.plist.xml; path = Info.plist; sourceTree = "<group>"; };
		6D4F77C420D25F9F00128136 /* PreviewCell.h */ = {isa = PBXFileReference; fileEncoding = 4; lastKnownFileType = sourcecode.c.h; path = PreviewCell.h; sourceTree = "<group>"; };
		6D4F77C520D25F9F00128136 /* PreviewCell.m */ = {isa = PBXFileReference; fileEncoding = 4; lastKnownFileType = sourcecode.c.objc; path = PreviewCell.m; sourceTree = "<group>"; };
		6D4F77C620D25F9F00128136 /* PreviewViewController.h */ = {isa = PBXFileReference; fileEncoding = 4; lastKnownFileType = sourcecode.c.h; path = PreviewViewController.h; sourceTree = "<group>"; };
		6D4F77C720D25F9F00128136 /* PreviewViewController.m */ = {isa = PBXFileReference; fileEncoding = 4; lastKnownFileType = sourcecode.c.objc; path = PreviewViewController.m; sourceTree = "<group>"; };
		6D4F77C820D25F9F00128136 /* zh-Hans */ = {isa = PBXFileReference; lastKnownFileType = text.plist.strings; name = "zh-Hans"; path = "zh-Hans.lproj/Localizable.strings"; sourceTree = "<group>"; };
		6D613EC7207B577C003C8576 /* IOSMediaPicker.app */ = {isa = PBXFileReference; explicitFileType = wrapper.application; includeInIndex = 0; path = IOSMediaPicker.app; sourceTree = BUILT_PRODUCTS_DIR; };
		6D613ECA207B577C003C8576 /* AppDelegate.h */ = {isa = PBXFileReference; lastKnownFileType = sourcecode.c.h; path = AppDelegate.h; sourceTree = "<group>"; };
		6D613ECB207B577C003C8576 /* AppDelegate.m */ = {isa = PBXFileReference; lastKnownFileType = sourcecode.c.objc; path = AppDelegate.m; sourceTree = "<group>"; };
		6D613ECD207B577C003C8576 /* ViewController.h */ = {isa = PBXFileReference; lastKnownFileType = sourcecode.c.h; path = ViewController.h; sourceTree = "<group>"; };
		6D613ECE207B577C003C8576 /* ViewController.m */ = {isa = PBXFileReference; lastKnownFileType = sourcecode.c.objc; path = ViewController.m; sourceTree = "<group>"; };
		6D613ED1207B577C003C8576 /* Base */ = {isa = PBXFileReference; lastKnownFileType = file.storyboard; name = Base; path = Base.lproj/Main.storyboard; sourceTree = "<group>"; };
		6D613ED4207B577C003C8576 /* IOSMediaPicker.xcdatamodel */ = {isa = PBXFileReference; lastKnownFileType = wrapper.xcdatamodel; path = IOSMediaPicker.xcdatamodel; sourceTree = "<group>"; };
		6D613ED6207B5787003C8576 /* Assets.xcassets */ = {isa = PBXFileReference; lastKnownFileType = folder.assetcatalog; path = Assets.xcassets; sourceTree = "<group>"; };
		6D613ED9207B5787003C8576 /* Base */ = {isa = PBXFileReference; lastKnownFileType = file.storyboard; name = Base; path = Base.lproj/LaunchScreen.storyboard; sourceTree = "<group>"; };
		6D613EDB207B5787003C8576 /* Info.plist */ = {isa = PBXFileReference; lastKnownFileType = text.plist.xml; path = Info.plist; sourceTree = "<group>"; };
		6D613EDC207B5787003C8576 /* main.m */ = {isa = PBXFileReference; lastKnownFileType = sourcecode.c.objc; path = main.m; sourceTree = "<group>"; };
/* End PBXFileReference section */

/* Begin PBXFrameworksBuildPhase section */
		6D613EC4207B577C003C8576 /* Frameworks */ = {
			isa = PBXFrameworksBuildPhase;
			buildActionMask = 2147483647;
			files = (
			);
			runOnlyForDeploymentPostprocessing = 0;
		};
/* End PBXFrameworksBuildPhase section */

/* Begin PBXGroup section */
		6D4F77B220D25F9F00128136 /* DMCMediaPicker */ = {
			isa = PBXGroup;
			children = (
				6D4F77B320D25F9F00128136 /* AlbumCellTableViewCell.h */,
				6D4F77B420D25F9F00128136 /* AlbumCellTableViewCell.m */,
				6D4F77B520D25F9F00128136 /* AlbumListView.h */,
				6D4F77B620D25F9F00128136 /* AlbumListView.m */,
				6D4F77B720D25F9F00128136 /* CollectionViewCell.h */,
				6D4F77B820D25F9F00128136 /* CollectionViewCell.m */,
				6D4F77B920D25F9F00128136 /* dmcPicker.bundle */,
				6D4F77BA20D25F9F00128136 /* DmcPickerViewController.h */,
				6D4F77BB20D25F9F00128136 /* DmcPickerViewController.m */,
				6D4F77BC20D25F9F00128136 /* Localizable.strings */,
				6D4F77BE20D25F9F00128136 /* FLAnimatedImage */,
				6D4F77C420D25F9F00128136 /* PreviewCell.h */,
				6D4F77C520D25F9F00128136 /* PreviewCell.m */,
				6D4F77C620D25F9F00128136 /* PreviewViewController.h */,
				6D4F77C720D25F9F00128136 /* PreviewViewController.m */,
			);
			path = DMCMediaPicker;
			sourceTree = "<group>";
		};
		6D4F77BE20D25F9F00128136 /* FLAnimatedImage */ = {
			isa = PBXGroup;
			children = (
				6D4F77BF20D25F9F00128136 /* FLAnimatedImage.h */,
				6D4F77C020D25F9F00128136 /* FLAnimatedImage.m */,
				6D4F77C120D25F9F00128136 /* FLAnimatedImageView.h */,
				6D4F77C220D25F9F00128136 /* FLAnimatedImageView.m */,
				6D4F77C320D25F9F00128136 /* Info.plist */,
			);
			path = FLAnimatedImage;
			sourceTree = "<group>";
		};
		6D613EBE207B577C003C8576 = {
			isa = PBXGroup;
			children = (
				6D613EC9207B577C003C8576 /* IOSMediaPicker */,
				6D613EC8207B577C003C8576 /* Products */,
			);
			sourceTree = "<group>";
		};
		6D613EC8207B577C003C8576 /* Products */ = {
			isa = PBXGroup;
			children = (
				6D613EC7207B577C003C8576 /* IOSMediaPicker.app */,
			);
			name = Products;
			sourceTree = "<group>";
		};
		6D613EC9207B577C003C8576 /* IOSMediaPicker */ = {
			isa = PBXGroup;
			children = (
				6D4F77B220D25F9F00128136 /* DMCMediaPicker */,
				6D613ECA207B577C003C8576 /* AppDelegate.h */,
				6D613ECB207B577C003C8576 /* AppDelegate.m */,
				6D613ECD207B577C003C8576 /* ViewController.h */,
				6D613ECE207B577C003C8576 /* ViewController.m */,
				6D613ED0207B577C003C8576 /* Main.storyboard */,
				6D613ED6207B5787003C8576 /* Assets.xcassets */,
				6D613ED8207B5787003C8576 /* LaunchScreen.storyboard */,
				6D613EDB207B5787003C8576 /* Info.plist */,
				6D613EDC207B5787003C8576 /* main.m */,
				6D613ED3207B577C003C8576 /* IOSMediaPicker.xcdatamodeld */,
			);
			path = IOSMediaPicker;
			sourceTree = "<group>";
		};
/* End PBXGroup section */

/* Begin PBXNativeTarget section */
		6D613EC6207B577C003C8576 /* IOSMediaPicker */ = {
			isa = PBXNativeTarget;
			buildConfigurationList = 6D613EE0207B5787003C8576 /* Build configuration list for PBXNativeTarget "IOSMediaPicker" */;
			buildPhases = (
				6D613EC3207B577C003C8576 /* Sources */,
				6D613EC4207B577C003C8576 /* Frameworks */,
				6D613EC5207B577C003C8576 /* Resources */,
			);
			buildRules = (
			);
			dependencies = (
			);
			name = IOSMediaPicker;
			productName = IOSMediaPicker;
			productReference = 6D613EC7207B577C003C8576 /* IOSMediaPicker.app */;
			productType = "com.apple.product-type.application";
		};
/* End PBXNativeTarget section */

/* Begin PBXProject section */
		6D613EBF207B577C003C8576 /* Project object */ = {
			isa = PBXProject;
			attributes = {
				LastUpgradeCheck = 0930;
				ORGANIZATIONNAME = dmc;
				TargetAttributes = {
					6D613EC6207B577C003C8576 = {
						CreatedOnToolsVersion = 9.3;
					};
				};
			};
			buildConfigurationList = 6D613EC2207B577C003C8576 /* Build configuration list for PBXProject "IOSMediaPicker" */;
			compatibilityVersion = "Xcode 9.3";
			developmentRegion = en;
			hasScannedForEncodings = 0;
			knownRegions = (
				en,
				Base,
				"zh-Hans",
			);
			mainGroup = 6D613EBE207B577C003C8576;
			productRefGroup = 6D613EC8207B577C003C8576 /* Products */;
			projectDirPath = "";
			projectRoot = "";
			targets = (
				6D613EC6207B577C003C8576 /* IOSMediaPicker */,
			);
		};
/* End PBXProject section */

/* Begin PBXResourcesBuildPhase section */
		6D613EC5207B577C003C8576 /* Resources */ = {
			isa = PBXResourcesBuildPhase;
			buildActionMask = 2147483647;
			files = (
				6D4F77CE20D25F9F00128136 /* Localizable.strings in Resources */,
				6D613EDA207B5787003C8576 /* LaunchScreen.storyboard in Resources */,
				6D4F77D120D25F9F00128136 /* Info.plist in Resources */,
				6D613ED7207B5787003C8576 /* Assets.xcassets in Resources */,
				6D4F77CC20D25F9F00128136 /* dmcPicker.bundle in Resources */,
				6D613ED2207B577C003C8576 /* Main.storyboard in Resources */,
			);
			runOnlyForDeploymentPostprocessing = 0;
		};
/* End PBXResourcesBuildPhase section */

/* Begin PBXSourcesBuildPhase section */
		6D613EC3207B577C003C8576 /* Sources */ = {
			isa = PBXSourcesBuildPhase;
			buildActionMask = 2147483647;
			files = (
				6D4F77CA20D25F9F00128136 /* AlbumListView.m in Sources */,
				6D613ECF207B577C003C8576 /* ViewController.m in Sources */,
				6D613ECC207B577C003C8576 /* AppDelegate.m in Sources */,
				6D4F77C920D25F9F00128136 /* AlbumCellTableViewCell.m in Sources */,
				6D4F77D220D25F9F00128136 /* PreviewCell.m in Sources */,
				6D613EDD207B5787003C8576 /* main.m in Sources */,
				6D4F77CD20D25F9F00128136 /* DmcPickerViewController.m in Sources */,
				6D4F77CB20D25F9F00128136 /* CollectionViewCell.m in Sources */,
				6D4F77D020D25F9F00128136 /* FLAnimatedImageView.m in Sources */,
				6D613ED5207B577C003C8576 /* IOSMediaPicker.xcdatamodeld in Sources */,
				6D4F77CF20D25F9F00128136 /* FLAnimatedImage.m in Sources */,
				6D4F77D320D25F9F00128136 /* PreviewViewController.m in Sources */,
			);
			runOnlyForDeploymentPostprocessing = 0;
		};
/* End PBXSourcesBuildPhase section */

/* Begin PBXVariantGroup section */
		6D4F77BC20D25F9F00128136 /* Localizable.strings */ = {
			isa = PBXVariantGroup;
			children = (
				6D4F77BD20D25F9F00128136 /* en */,
				6D4F77C820D25F9F00128136 /* zh-Hans */,
			);
			name = Localizable.strings;
			sourceTree = "<group>";
		};
		6D613ED0207B577C003C8576 /* Main.storyboard */ = {
			isa = PBXVariantGroup;
			children = (
				6D613ED1207B577C003C8576 /* Base */,
			);
			name = Main.storyboard;
			sourceTree = "<group>";
		};
		6D613ED8207B5787003C8576 /* LaunchScreen.storyboard */ = {
			isa = PBXVariantGroup;
			children = (
				6D613ED9207B5787003C8576 /* Base */,
			);
			name = LaunchScreen.storyboard;
			sourceTree = "<group>";
		};
/* End PBXVariantGroup section */

/* Begin XCBuildConfiguration section */
		6D613EDE207B5787003C8576 /* Debug */ = {
			isa = XCBuildConfiguration;
			buildSettings = {
				ALWAYS_SEARCH_USER_PATHS = NO;
				CLANG_ANALYZER_NONNULL = YES;
				CLANG_ANALYZER_NUMBER_OBJECT_CONVERSION = YES_AGGRESSIVE;
				CLANG_CXX_LANGUAGE_STANDARD = "gnu++14";
				CLANG_CXX_LIBRARY = "libc++";
				CLANG_ENABLE_MODULES = YES;
				CLANG_ENABLE_OBJC_ARC = YES;
				CLANG_ENABLE_OBJC_WEAK = YES;
				CLANG_WARN_BLOCK_CAPTURE_AUTORELEASING = YES;
				CLANG_WARN_BOOL_CONVERSION = YES;
				CLANG_WARN_COMMA = YES;
				CLANG_WARN_CONSTANT_CONVERSION = YES;
				CLANG_WARN_DEPRECATED_OBJC_IMPLEMENTATIONS = YES;
				CLANG_WARN_DIRECT_OBJC_ISA_USAGE = YES_ERROR;
				CLANG_WARN_DOCUMENTATION_COMMENTS = YES;
				CLANG_WARN_EMPTY_BODY = YES;
				CLANG_WARN_ENUM_CONVERSION = YES;
				CLANG_WARN_INFINITE_RECURSION = YES;
				CLANG_WARN_INT_CONVERSION = YES;
				CLANG_WARN_NON_LITERAL_NULL_CONVERSION = YES;
				CLANG_WARN_OBJC_IMPLICIT_RETAIN_SELF = YES;
				CLANG_WARN_OBJC_LITERAL_CONVERSION = YES;
				CLANG_WARN_OBJC_ROOT_CLASS = YES_ERROR;
				CLANG_WARN_RANGE_LOOP_ANALYSIS = YES;
				CLANG_WARN_STRICT_PROTOTYPES = YES;
				CLANG_WARN_SUSPICIOUS_MOVE = YES;
				CLANG_WARN_UNGUARDED_AVAILABILITY = YES_AGGRESSIVE;
				CLANG_WARN_UNREACHABLE_CODE = YES;
				CLANG_WARN__DUPLICATE_METHOD_MATCH = YES;
				CODE_SIGN_IDENTITY = "iPhone Developer";
				COPY_PHASE_STRIP = NO;
				DEBUG_INFORMATION_FORMAT = dwarf;
				ENABLE_STRICT_OBJC_MSGSEND = YES;
				ENABLE_TESTABILITY = YES;
				GCC_C_LANGUAGE_STANDARD = gnu11;
				GCC_DYNAMIC_NO_PIC = NO;
				GCC_NO_COMMON_BLOCKS = YES;
				GCC_OPTIMIZATION_LEVEL = 0;
				GCC_PREPROCESSOR_DEFINITIONS = (
					"DEBUG=1",
					"$(inherited)",
				);
				GCC_WARN_64_TO_32_BIT_CONVERSION = YES;
				GCC_WARN_ABOUT_RETURN_TYPE = YES_ERROR;
				GCC_WARN_UNDECLARED_SELECTOR = YES;
				GCC_WARN_UNINITIALIZED_AUTOS = YES_AGGRESSIVE;
				GCC_WARN_UNUSED_FUNCTION = YES;
				GCC_WARN_UNUSED_VARIABLE = YES;
				IPHONEOS_DEPLOYMENT_TARGET = 11.3;
				MTL_ENABLE_DEBUG_INFO = YES;
				ONLY_ACTIVE_ARCH = YES;
				SDKROOT = iphoneos;
			};
			name = Debug;
		};
		6D613EDF207B5787003C8576 /* Release */ = {
			isa = XCBuildConfiguration;
			buildSettings = {
				ALWAYS_SEARCH_USER_PATHS = NO;
				CLANG_ANALYZER_NONNULL = YES;
				CLANG_ANALYZER_NUMBER_OBJECT_CONVERSION = YES_AGGRESSIVE;
				CLANG_CXX_LANGUAGE_STANDARD = "gnu++14";
				CLANG_CXX_LIBRARY = "libc++";
				CLANG_ENABLE_MODULES = YES;
				CLANG_ENABLE_OBJC_ARC = YES;
				CLANG_ENABLE_OBJC_WEAK = YES;
				CLANG_WARN_BLOCK_CAPTURE_AUTORELEASING = YES;
				CLANG_WARN_BOOL_CONVERSION = YES;
				CLANG_WARN_COMMA = YES;
				CLANG_WARN_CONSTANT_CONVERSION = YES;
				CLANG_WARN_DEPRECATED_OBJC_IMPLEMENTATIONS = YES;
				CLANG_WARN_DIRECT_OBJC_ISA_USAGE = YES_ERROR;
				CLANG_WARN_DOCUMENTATION_COMMENTS = YES;
				CLANG_WARN_EMPTY_BODY = YES;
				CLANG_WARN_ENUM_CONVERSION = YES;
				CLANG_WARN_INFINITE_RECURSION = YES;
				CLANG_WARN_INT_CONVERSION = YES;
				CLANG_WARN_NON_LITERAL_NULL_CONVERSION = YES;
				CLANG_WARN_OBJC_IMPLICIT_RETAIN_SELF = YES;
				CLANG_WARN_OBJC_LITERAL_CONVERSION = YES;
				CLANG_WARN_OBJC_ROOT_CLASS = YES_ERROR;
				CLANG_WARN_RANGE_LOOP_ANALYSIS = YES;
				CLANG_WARN_STRICT_PROTOTYPES = YES;
				CLANG_WARN_SUSPICIOUS_MOVE = YES;
				CLANG_WARN_UNGUARDED_AVAILABILITY = YES_AGGRESSIVE;
				CLANG_WARN_UNREACHABLE_CODE = YES;
				CLANG_WARN__DUPLICATE_METHOD_MATCH = YES;
				CODE_SIGN_IDENTITY = "iPhone Developer";
				COPY_PHASE_STRIP = NO;
				DEBUG_INFORMATION_FORMAT = "dwarf-with-dsym";
				ENABLE_NS_ASSERTIONS = NO;
				ENABLE_STRICT_OBJC_MSGSEND = YES;
				GCC_C_LANGUAGE_STANDARD = gnu11;
				GCC_NO_COMMON_BLOCKS = YES;
				GCC_WARN_64_TO_32_BIT_CONVERSION = YES;
				GCC_WARN_ABOUT_RETURN_TYPE = YES_ERROR;
				GCC_WARN_UNDECLARED_SELECTOR = YES;
				GCC_WARN_UNINITIALIZED_AUTOS = YES_AGGRESSIVE;
				GCC_WARN_UNUSED_FUNCTION = YES;
				GCC_WARN_UNUSED_VARIABLE = YES;
				IPHONEOS_DEPLOYMENT_TARGET = 11.3;
				MTL_ENABLE_DEBUG_INFO = NO;
				SDKROOT = iphoneos;
				VALIDATE_PRODUCT = YES;
			};
			name = Release;
		};
		6D613EE1207B5787003C8576 /* Debug */ = {
			isa = XCBuildConfiguration;
			buildSettings = {
				ASSETCATALOG_COMPILER_APPICON_NAME = AppIcon;
				CODE_SIGN_IDENTITY = "iPhone Developer";
				CODE_SIGN_STYLE = Automatic;
				DEVELOPMENT_TEAM = 67NSQ5P9X2;
				INFOPLIST_FILE = IOSMediaPicker/Info.plist;
				IPHONEOS_DEPLOYMENT_TARGET = 9.0;
				LD_RUNPATH_SEARCH_PATHS = (
					"$(inherited)",
					"@executable_path/Frameworks",
				);
				PRODUCT_BUNDLE_IDENTIFIER = com.dmc.mediapicker.IOSMediaPicker;
				PRODUCT_NAME = "$(TARGET_NAME)";
				PROVISIONING_PROFILE = "";
				PROVISIONING_PROFILE_SPECIFIER = "";
				TARGETED_DEVICE_FAMILY = "1,2";
			};
			name = Debug;
		};
		6D613EE2207B5787003C8576 /* Release */ = {
			isa = XCBuildConfiguration;
			buildSettings = {
				ASSETCATALOG_COMPILER_APPICON_NAME = AppIcon;
				CODE_SIGN_IDENTITY = "iPhone Developer";
				CODE_SIGN_STYLE = Automatic;
				DEVELOPMENT_TEAM = 67NSQ5P9X2;
				INFOPLIST_FILE = IOSMediaPicker/Info.plist;
				IPHONEOS_DEPLOYMENT_TARGET = 9.0;
				LD_RUNPATH_SEARCH_PATHS = (
					"$(inherited)",
					"@executable_path/Frameworks",
				);
				PRODUCT_BUNDLE_IDENTIFIER = com.dmc.mediapicker.IOSMediaPicker;
				PRODUCT_NAME = "$(TARGET_NAME)";
				PROVISIONING_PROFILE_SPECIFIER = "";
				TARGETED_DEVICE_FAMILY = "1,2";
			};
			name = Release;
		};
/* End XCBuildConfiguration section */

/* Begin XCConfigurationList section */
		6D613EC2207B577C003C8576 /* Build configuration list for PBXProject "IOSMediaPicker" */ = {
			isa = XCConfigurationList;
			buildConfigurations = (
				6D613EDE207B5787003C8576 /* Debug */,
				6D613EDF207B5787003C8576 /* Release */,
			);
			defaultConfigurationIsVisible = 0;
			defaultConfigurationName = Release;
		};
		6D613EE0207B5787003C8576 /* Build configuration list for PBXNativeTarget "IOSMediaPicker" */ = {
			isa = XCConfigurationList;
			buildConfigurations = (
				6D613EE1207B5787003C8576 /* Debug */,
				6D613EE2207B5787003C8576 /* Release */,
			);
			defaultConfigurationIsVisible = 0;
			defaultConfigurationName = Release;
		};
/* End XCConfigurationList section */

/* Begin XCVersionGroup section */
		6D613ED3207B577C003C8576 /* IOSMediaPicker.xcdatamodeld */ = {
			isa = XCVersionGroup;
			children = (
				6D613ED4207B577C003C8576 /* IOSMediaPicker.xcdatamodel */,
			);
			currentVersion = 6D613ED4207B577C003C8576 /* IOSMediaPicker.xcdatamodel */;
			path = IOSMediaPicker.xcdatamodeld;
			sourceTree = "<group>";
			versionGroupType = wrapper.xcdatamodel;
		};
/* End XCVersionGroup section */
	};
	rootObject = 6D613EBF207B577C003C8576 /* Project object */;
}
